
Microsoft Visual Studio Solution File, Format Version 12.00
# Visual Studio 15
VisualStudioVersion = 15.0.28307.421
MinimumVisualStudioVersion = 10.0.40219.1
Project("{FAE04EC0-301F-11D3-BF4B-00C04F79EFBC}") = "Calculator", "Calculator\Calculator.csproj", "{A255A0EE-4A10-44AA-87BA-1B1CF571C0BC}"
EndProject
Project("{FAE04EC0-301F-11D3-BF4B-00C04F79EFBC}") = "Calculator.Tests", "Calculator.Tests\Calculator.Tests.csproj", "{3CB026DB-0168-4589-B5C8-DBEB0CB60223}"
EndProject
Global
	GlobalSection(SolutionConfigurationPlatforms) = preSolution
		Debug|Any CPU = Debug|Any CPU
		Release|Any CPU = Release|Any CPU
	EndGlobalSection
	GlobalSection(ProjectConfigurationPlatforms) = postSolution
		{A255A0EE-4A10-44AA-87BA-1B1CF571C0BC}.Debug|Any CPU.ActiveCfg = Debug|Any CPU
		{A255A0EE-4A10-44AA-87BA-1B1CF571C0BC}.Debug|Any CPU.Build.0 = Debug|Any CPU
		{A255A0EE-4A10-44AA-87BA-1B1CF571C0BC}.Release|Any CPU.ActiveCfg = Release|Any CPU
		{A255A0EE-4A10-44AA-87BA-1B1CF571C0BC}.Release|Any CPU.Build.0 = Release|Any CPU
		{3CB026DB-0168-4589-B5C8-DBEB0CB60223}.Debug|Any CPU.ActiveCfg = Debug|Any CPU
		{3CB026DB-0168-4589-B5C8-DBEB0CB60223}.Debug|Any CPU.Build.0 = Debug|Any CPU
		{3CB026DB-0168-4589-B5C8-DBEB0CB60223}.Release|Any CPU.ActiveCfg = Release|Any CPU
		{3CB026DB-0168-4589-B5C8-DBEB0CB60223}.Release|Any CPU.Build.0 = Release|Any CPU
	EndGlobalSection
	GlobalSection(SolutionProperties) = preSolution
		HideSolutionNode = FALSE
	EndGlobalSection
	GlobalSection(ExtensibilityGlobals) = postSolution
		SolutionGuid = {D017899D-A37F-48AE-BA2E-DD7AD2876876}
	EndGlobalSection
EndGlobal
